
Microsoft Visual Studio Solution File, Format Version 12.00
# Visual Studio Version 17
VisualStudioVersion = 17.3.32922.545
MinimumVisualStudioVersion = 10.0.40219.1
Project("{9A19103F-16F7-4668-BE54-9A1E7A4F7556}") = "CasaDoCodigo", "CasaDoCodigo.csproj", "{6EF3D3D1-464E-448F-B36A-A3B99D66DD0A}"
EndProject
Global
	GlobalSection(SolutionConfigurationPlatforms) = preSolution
		Debug|Any CPU = Debug|Any CPU
		Release|Any CPU = Release|Any CPU
	EndGlobalSection
	GlobalSection(ProjectConfigurationPlatforms) = postSolution
		{6EF3D3D1-464E-448F-B36A-A3B99D66DD0A}.Debug|Any CPU.ActiveCfg = Debug|Any CPU
		{6EF3D3D1-464E-448F-B36A-A3B99D66DD0A}.Debug|Any CPU.Build.0 = Debug|Any CPU
		{6EF3D3D1-464E-448F-B36A-A3B99D66DD0A}.Release|Any CPU.ActiveCfg = Release|Any CPU
		{6EF3D3D1-464E-448F-B36A-A3B99D66DD0A}.Release|Any CPU.Build.0 = Release|Any CPU
	EndGlobalSection
	GlobalSection(SolutionProperties) = preSolution
		HideSolutionNode = FALSE
	EndGlobalSection
	GlobalSection(ExtensibilityGlobals) = postSolution
		SolutionGuid = {977FF9EC-C62D-421D-9F36-E951D34C0E80}
	EndGlobalSection
EndGlobal
